
Microsoft Visual Studio Solution File, Format Version 12.00
# Visual Studio Version 17
VisualStudioVersion = 17.3.32811.315
MinimumVisualStudioVersion = 10.0.40219.1
Project("{FAE04EC0-301F-11D3-BF4B-00C04F79EFBC}") = "ToDo", "ToDo.csproj", "{8059303D-C095-4523-93F5-48ADEC8D88BA}"
EndProject
Global
	GlobalSection(SolutionConfigurationPlatforms) = preSolution
		Debug|Any CPU = Debug|Any CPU
		Release|Any CPU = Release|Any CPU
	EndGlobalSection
	GlobalSection(ProjectConfigurationPlatforms) = postSolution
		{8059303D-C095-4523-93F5-48ADEC8D88BA}.Debug|Any CPU.ActiveCfg = Debug|Any CPU
		{8059303D-C095-4523-93F5-48ADEC8D88BA}.Debug|Any CPU.Build.0 = Debug|Any CPU
		{8059303D-C095-4523-93F5-48ADEC8D88BA}.Release|Any CPU.ActiveCfg = Release|Any CPU
		{8059303D-C095-4523-93F5-48ADEC8D88BA}.Release|Any CPU.Build.0 = Release|Any CPU
	EndGlobalSection
	GlobalSection(SolutionProperties) = preSolution
		HideSolutionNode = FALSE
	EndGlobalSection
	GlobalSection(ExtensibilityGlobals) = postSolution
		SolutionGuid = {F2B979B4-47DF-4C1C-A695-9E5EE7C5EE4D}
	EndGlobalSection
EndGlobal
